PODS:
  - ReactiveObjC (3.1.0)
  - SVProgressHUD (2.2.5)

DEPENDENCIES:
  - ReactiveObjC (~> 3.1.0)
  - SVProgressHUD (~> 2.2.5)

SPEC REPOS:
  https://github.com/cocoapods/specs.git:
    - ReactiveObjC
    - SVProgressHUD

SPEC CHECKSUMS:
  ReactiveObjC: 2a38ea15335de4119d8b17caf1db1484f61db902
  SVProgressHUD: 1428aafac632c1f86f62aa4243ec12008d7a51d6

PODFILE CHECKSUM: 05133711a5aa56fd682b632f86f50ce42d2f8947

COCOAPODS: 1.5.3
